
Microsoft Visual Studio Solution File, Format Version 12.00
# Visual Studio Version 16
VisualStudioVersion = 16.0.31205.134
MinimumVisualStudioVersion = 10.0.40219.1
Project("{FAE04EC0-301F-11D3-BF4B-00C04F79EFBC}") = "Lab4", "Lab4\Lab4.csproj", "{54CAA08D-0CAF-4CA9-A171-BFC8CD4594FF}"
EndProject
Global
	GlobalSection(SolutionConfigurationPlatforms) = preSolution
		Debug|Any CPU = Debug|Any CPU
		Release|Any CPU = Release|Any CPU
	EndGlobalSection
	GlobalSection(ProjectConfigurationPlatforms) = postSolution
		{54CAA08D-0CAF-4CA9-A171-BFC8CD4594FF}.Debug|Any CPU.ActiveCfg = Debug|Any CPU
		{54CAA08D-0CAF-4CA9-A171-BFC8CD4594FF}.Debug|Any CPU.Build.0 = Debug|Any CPU
		{54CAA08D-0CAF-4CA9-A171-BFC8CD4594FF}.Release|Any CPU.ActiveCfg = Release|Any CPU
		{54CAA08D-0CAF-4CA9-A171-BFC8CD4594FF}.Release|Any CPU.Build.0 = Release|Any CPU
	EndGlobalSection
	GlobalSection(SolutionProperties) = preSolution
		HideSolutionNode = FALSE
	EndGlobalSection
	GlobalSection(ExtensibilityGlobals) = postSolution
		SolutionGuid = {A7F960E2-E416-484B-848E-EE4AB85C96A0}
	EndGlobalSection
EndGlobal
